
Microsoft Visual Studio Solution File, Format Version 12.00
# Visual Studio Version 16
VisualStudioVersion = 25.0.1700.0
MinimumVisualStudioVersion = 10.0.40219.1
Project("{FAE04EC0-301F-11D3-BF4B-00C04F79EFBC}") = "T01.SortEvenNumbers", "T01.SortEvenNumbers\T01.SortEvenNumbers.csproj", "{C69D60C4-F0E0-4B72-BE50-7E025D4711FE}"
EndProject
Project("{FAE04EC0-301F-11D3-BF4B-00C04F79EFBC}") = "T02.SumNumbers", "T02.SumNumbers\T02.SumNumbers.csproj", "{7A4A9B1E-A027-49DB-A681-E02916843BE4}"
EndProject
Project("{FAE04EC0-301F-11D3-BF4B-00C04F79EFBC}") = "T03.CountUppercaseWords", "T03.CountUppercaseWords\T03.CountUppercaseWords.csproj", "{287ECCF5-098A-4F33-B2C7-A3E6B8D8C547}"
EndProject
Project("{FAE04EC0-301F-11D3-BF4B-00C04F79EFBC}") = "T04.AddVAT", "T04.AddVAT\T04.AddVAT.csproj", "{20DDF918-515C-4ED8-B1EF-A6CD84E567AD}"
EndProject
Project("{FAE04EC0-301F-11D3-BF4B-00C04F79EFBC}") = "T05.FilterByAge", "T05.FilterByAge\T05.FilterByAge.csproj", "{1964E18D-F741-4B07-ABBF-60E979D369B9}"
EndProject
Global
	GlobalSection(SolutionConfigurationPlatforms) = preSolution
		Debug|Any CPU = Debug|Any CPU
		Release|Any CPU = Release|Any CPU
	EndGlobalSection
	GlobalSection(ProjectConfigurationPlatforms) = postSolution
		{C69D60C4-F0E0-4B72-BE50-7E025D4711FE}.Debug|Any CPU.ActiveCfg = Debug|Any CPU
		{C69D60C4-F0E0-4B72-BE50-7E025D4711FE}.Debug|Any CPU.Build.0 = Debug|Any CPU
		{C69D60C4-F0E0-4B72-BE50-7E025D4711FE}.Release|Any CPU.ActiveCfg = Release|Any CPU
		{C69D60C4-F0E0-4B72-BE50-7E025D4711FE}.Release|Any CPU.Build.0 = Release|Any CPU
		{7A4A9B1E-A027-49DB-A681-E02916843BE4}.Debug|Any CPU.ActiveCfg = Debug|Any CPU
		{7A4A9B1E-A027-49DB-A681-E02916843BE4}.Debug|Any CPU.Build.0 = Debug|Any CPU
		{7A4A9B1E-A027-49DB-A681-E02916843BE4}.Release|Any CPU.ActiveCfg = Release|Any CPU
		{7A4A9B1E-A027-49DB-A681-E02916843BE4}.Release|Any CPU.Build.0 = Release|Any CPU
		{287ECCF5-098A-4F33-B2C7-A3E6B8D8C547}.Debug|Any CPU.ActiveCfg = Debug|Any CPU
		{287ECCF5-098A-4F33-B2C7-A3E6B8D8C547}.Debug|Any CPU.Build.0 = Debug|Any CPU
		{287ECCF5-098A-4F33-B2C7-A3E6B8D8C547}.Release|Any CPU.ActiveCfg = Release|Any CPU
		{287ECCF5-098A-4F33-B2C7-A3E6B8D8C547}.Release|Any CPU.Build.0 = Release|Any CPU
		{20DDF918-515C-4ED8-B1EF-A6CD84E567AD}.Debug|Any CPU.ActiveCfg = Debug|Any CPU
		{20DDF918-515C-4ED8-B1EF-A6CD84E567AD}.Debug|Any CPU.Build.0 = Debug|Any CPU
		{20DDF918-515C-4ED8-B1EF-A6CD84E567AD}.Release|Any CPU.ActiveCfg = Release|Any CPU
		{20DDF918-515C-4ED8-B1EF-A6CD84E567AD}.Release|Any CPU.Build.0 = Release|Any CPU
		{1964E18D-F741-4B07-ABBF-60E979D369B9}.Debug|Any CPU.ActiveCfg = Debug|Any CPU
		{1964E18D-F741-4B07-ABBF-60E979D369B9}.Debug|Any CPU.Build.0 = Debug|Any CPU
		{1964E18D-F741-4B07-ABBF-60E979D369B9}.Release|Any CPU.ActiveCfg = Release|Any CPU
		{1964E18D-F741-4B07-ABBF-60E979D369B9}.Release|Any CPU.Build.0 = Release|Any CPU
	EndGlobalSection
	GlobalSection(SolutionProperties) = preSolution
		HideSolutionNode = FALSE
	EndGlobalSection
	GlobalSection(ExtensibilityGlobals) = postSolution
		SolutionGuid = {EE7D7F3E-0E76-4369-BFED-429DB5E775FE}
	EndGlobalSection
EndGlobal
