
Microsoft Visual Studio Solution File, Format Version 12.00
# Visual Studio Version 16
VisualStudioVersion = 25.0.1700.0
MinimumVisualStudioVersion = 10.0.40219.1
Project("{FAE04EC0-301F-11D3-BF4B-00C04F79EFBC}") = "OddLines", "OddLines\OddLines.csproj", "{7E6A7A6D-9839-4D8E-ABB1-A969A967047A}"
EndProject
Project("{FAE04EC0-301F-11D3-BF4B-00C04F79EFBC}") = "T02.LineNumbers", "T02.LineNumbers\T02.LineNumbers.csproj", "{65A3C25C-CC91-4227-8080-8FAD182E6A82}"
EndProject
Project("{FAE04EC0-301F-11D3-BF4B-00C04F79EFBC}") = "T03.WordCount", "T03.WordCount\T03.WordCount.csproj", "{DE8C2DE8-BC56-48B4-B552-D203E14AAF1D}"
EndProject
Global
	GlobalSection(SolutionConfigurationPlatforms) = preSolution
		Debug|Any CPU = Debug|Any CPU
		Release|Any CPU = Release|Any CPU
	EndGlobalSection
	GlobalSection(ProjectConfigurationPlatforms) = postSolution
		{7E6A7A6D-9839-4D8E-ABB1-A969A967047A}.Debug|Any CPU.ActiveCfg = Debug|Any CPU
		{7E6A7A6D-9839-4D8E-ABB1-A969A967047A}.Debug|Any CPU.Build.0 = Debug|Any CPU
		{7E6A7A6D-9839-4D8E-ABB1-A969A967047A}.Release|Any CPU.ActiveCfg = Release|Any CPU
		{7E6A7A6D-9839-4D8E-ABB1-A969A967047A}.Release|Any CPU.Build.0 = Release|Any CPU
		{65A3C25C-CC91-4227-8080-8FAD182E6A82}.Debug|Any CPU.ActiveCfg = Debug|Any CPU
		{65A3C25C-CC91-4227-8080-8FAD182E6A82}.Debug|Any CPU.Build.0 = Debug|Any CPU
		{65A3C25C-CC91-4227-8080-8FAD182E6A82}.Release|Any CPU.ActiveCfg = Release|Any CPU
		{65A3C25C-CC91-4227-8080-8FAD182E6A82}.Release|Any CPU.Build.0 = Release|Any CPU
		{DE8C2DE8-BC56-48B4-B552-D203E14AAF1D}.Debug|Any CPU.ActiveCfg = Debug|Any CPU
		{DE8C2DE8-BC56-48B4-B552-D203E14AAF1D}.Debug|Any CPU.Build.0 = Debug|Any CPU
		{DE8C2DE8-BC56-48B4-B552-D203E14AAF1D}.Release|Any CPU.ActiveCfg = Release|Any CPU
		{DE8C2DE8-BC56-48B4-B552-D203E14AAF1D}.Release|Any CPU.Build.0 = Release|Any CPU
	EndGlobalSection
	GlobalSection(SolutionProperties) = preSolution
		HideSolutionNode = FALSE
	EndGlobalSection
	GlobalSection(ExtensibilityGlobals) = postSolution
		SolutionGuid = {567ABEB9-3209-475D-A204-89FBC0751D7D}
	EndGlobalSection
EndGlobal
